// !$*UTF8*$!
{
	archiveVersion = 1;
	classes = {
	};
	objectVersion = 52;
	objects = {

/* Begin PBXBuildFile section */
		510A4BAF2589F78300BCA4FB /* APIService.swift in Sources */ = {isa = PBXBuildFile; fileRef = 510A4BAE2589F78300BCA4FB /* APIService.swift */; };
		510A4BB3258A010D00BCA4FB /* DataPost.swift in Sources */ = {isa = PBXBuildFile; fileRef = 510A4BB2258A010D00BCA4FB /* DataPost.swift */; };
		5134BDA0258759A400C8BE29 /* HomeViewModel.swift in Sources */ = {isa = PBXBuildFile; fileRef = 5134BD9F258759A300C8BE29 /* HomeViewModel.swift */; };
		5134BDA1258759A400C8BE29 /* HomeViewModel.swift in Sources */ = {isa = PBXBuildFile; fileRef = 5134BD9F258759A300C8BE29 /* HomeViewModel.swift */; };
		5134BDA5258759E700C8BE29 /* Post.swift in Sources */ = {isa = PBXBuildFile; fileRef = 5134BDA4258759E700C8BE29 /* Post.swift */; };
		5134BDA6258759E700C8BE29 /* Post.swift in Sources */ = {isa = PBXBuildFile; fileRef = 5134BDA4258759E700C8BE29 /* Post.swift */; };
		5134BDC72587651300C8BE29 /* KingfisherSwiftUI in Frameworks */ = {isa = PBXBuildFile; productRef = 5134BDC62587651300C8BE29 /* KingfisherSwiftUI */; };
		5134BDD225876D8600C8BE29 /* PostDetailView.swift in Sources */ = {isa = PBXBuildFile; fileRef = 5134BDD125876D8600C8BE29 /* PostDetailView.swift */; };
		5134BDD325876D8600C8BE29 /* PostDetailView.swift in Sources */ = {isa = PBXBuildFile; fileRef = 5134BDD125876D8600C8BE29 /* PostDetailView.swift */; };
		5134BDD725876DEC00C8BE29 /* PostRowView.swift in Sources */ = {isa = PBXBuildFile; fileRef = 5134BDD625876DEC00C8BE29 /* PostRowView.swift */; };
		5134BDD825876DEC00C8BE29 /* PostRowView.swift in Sources */ = {isa = PBXBuildFile; fileRef = 5134BDD625876DEC00C8BE29 /* PostRowView.swift */; };
		5134BDDC2587910600C8BE29 /* Icon.swift in Sources */ = {isa = PBXBuildFile; fileRef = 5134BDDB2587910600C8BE29 /* Icon.swift */; };
		5134BDDD2587910600C8BE29 /* Icon.swift in Sources */ = {isa = PBXBuildFile; fileRef = 5134BDDB2587910600C8BE29 /* Icon.swift */; };
		5134BDE125879FB400C8BE29 /* ImageView.swift in Sources */ = {isa = PBXBuildFile; fileRef = 5134BDE025879FB400C8BE29 /* ImageView.swift */; };
		5134BDE225879FB400C8BE29 /* ImageView.swift in Sources */ = {isa = PBXBuildFile; fileRef = 5134BDE025879FB400C8BE29 /* ImageView.swift */; };
		5139564A2588C7CD003A706A /* Date+Extensions.swift in Sources */ = {isa = PBXBuildFile; fileRef = 513956492588C7CD003A706A /* Date+Extensions.swift */; };
		5139564B2588C7CD003A706A /* Date+Extensions.swift in Sources */ = {isa = PBXBuildFile; fileRef = 513956492588C7CD003A706A /* Date+Extensions.swift */; };
		5142A8952588C12A00450112 /* Comment.swift in Sources */ = {isa = PBXBuildFile; fileRef = 5142A8942588C12A00450112 /* Comment.swift */; };
		5142A8962588C12A00450112 /* Comment.swift in Sources */ = {isa = PBXBuildFile; fileRef = 5142A8942588C12A00450112 /* Comment.swift */; };
		5142A89B2588C43800450112 /* PostDetailViewModel.swift in Sources */ = {isa = PBXBuildFile; fileRef = 5142A89A2588C43800450112 /* PostDetailViewModel.swift */; };
		5142A89C2588C43800450112 /* PostDetailViewModel.swift in Sources */ = {isa = PBXBuildFile; fileRef = 5142A89A2588C43800450112 /* PostDetailViewModel.swift */; };
		51D1B0F82587555300F0FC76 /* MultiplatformApp.swift in Sources */ = {isa = PBXBuildFile; fileRef = 51D1B0E52587555100F0FC76 /* MultiplatformApp.swift */; };
		51D1B0F92587555300F0FC76 /* MultiplatformApp.swift in Sources */ = {isa = PBXBuildFile; fileRef = 51D1B0E52587555100F0FC76 /* MultiplatformApp.swift */; };
		51D1B0FA2587555300F0FC76 /* HomeView.swift in Sources */ = {isa = PBXBuildFile; fileRef = 51D1B0E62587555100F0FC76 /* HomeView.swift */; };
		51D1B0FB2587555300F0FC76 /* HomeView.swift in Sources */ = {isa = PBXBuildFile; fileRef = 51D1B0E62587555100F0FC76 /* HomeView.swift */; };
		51D1B0FC2587555300F0FC76 /* Assets.xcassets in Resources */ = {isa = PBXBuildFile; fileRef = 51D1B0E72587555300F0FC76 /* Assets.xcassets */; };
		51D1B0FD2587555300F0FC76 /* Assets.xcassets in Resources */ = {isa = PBXBuildFile; fileRef = 51D1B0E72587555300F0FC76 /* Assets.xcassets */; };
/* End PBXBuildFile section */

/* Begin PBXFileReference section */
		510A4BAE2589F78300BCA4FB /* APIService.swift */ = {isa = PBXFileReference; lastKnownFileType = sourcecode.swift; path = APIService.swift; sourceTree = "<group>"; };
		510A4BB2258A010D00BCA4FB /* DataPost.swift */ = {isa = PBXFileReference; lastKnownFileType = sourcecode.swift; name = DataPost.swift; path = ../../../../../DataPost.swift; sourceTree = "<group>"; };
		5134BD9F258759A300C8BE29 /* HomeViewModel.swift */ = {isa = PBXFileReference; lastKnownFileType = sourcecode.swift; path = HomeViewModel.swift; sourceTree = "<group>"; };
		5134BDA4258759E700C8BE29 /* Post.swift */ = {isa = PBXFileReference; lastKnownFileType = sourcecode.swift; path = Post.swift; sourceTree = "<group>"; };
		5134BDD125876D8600C8BE29 /* PostDetailView.swift */ = {isa = PBXFileReference; lastKnownFileType = sourcecode.swift; path = PostDetailView.swift; sourceTree = "<group>"; };
		5134BDD625876DEC00C8BE29 /* PostRowView.swift */ = {isa = PBXFileReference; lastKnownFileType = sourcecode.swift; path = PostRowView.swift; sourceTree = "<group>"; };
		5134BDDB2587910600C8BE29 /* Icon.swift */ = {isa = PBXFileReference; lastKnownFileType = sourcecode.swift; path = Icon.swift; sourceTree = "<group>"; };
		5134BDE025879FB400C8BE29 /* ImageView.swift */ = {isa = PBXFileReference; lastKnownFileType = sourcecode.swift; path = ImageView.swift; sourceTree = "<group>"; };
		513956492588C7CD003A706A /* Date+Extensions.swift */ = {isa = PBXFileReference; lastKnownFileType = sourcecode.swift; path = "Date+Extensions.swift"; sourceTree = "<group>"; };
		5142A8942588C12A00450112 /* Comment.swift */ = {isa = PBXFileReference; lastKnownFileType = sourcecode.swift; path = Comment.swift; sourceTree = "<group>"; };
		5142A89A2588C43800450112 /* PostDetailViewModel.swift */ = {isa = PBXFileReference; lastKnownFileType = sourcecode.swift; path = PostDetailViewModel.swift; sourceTree = "<group>"; };
		51D1B0E52587555100F0FC76 /* MultiplatformApp.swift */ = {isa = PBXFileReference; lastKnownFileType = sourcecode.swift; path = MultiplatformApp.swift; sourceTree = "<group>"; };
		51D1B0E62587555100F0FC76 /* HomeView.swift */ = {isa = PBXFileReference; lastKnownFileType = sourcecode.swift; path = HomeView.swift; sourceTree = "<group>"; };
		51D1B0E72587555300F0FC76 /* Assets.xcassets */ = {isa = PBXFileReference; lastKnownFileType = folder.assetcatalog; path = Assets.xcassets; sourceTree = "<group>"; };
		51D1B0EC2587555300F0FC76 /* Multiplatform.app */ = {isa = PBXFileReference; explicitFileType = wrapper.application; includeInIndex = 0; path = Multiplatform.app; sourceTree = BUILT_PRODUCTS_DIR; };
		51D1B0EF2587555300F0FC76 /* Info.plist */ = {isa = PBXFileReference; lastKnownFileType = text.plist.xml; path = Info.plist; sourceTree = "<group>"; };
		51D1B0F42587555300F0FC76 /* Multiplatform.app */ = {isa = PBXFileReference; explicitFileType = wrapper.application; includeInIndex = 0; path = Multiplatform.app; sourceTree = BUILT_PRODUCTS_DIR; };
		51D1B0F62587555300F0FC76 /* Info.plist */ = {isa = PBXFileReference; lastKnownFileType = text.plist.xml; path = Info.plist; sourceTree = "<group>"; };
		51D1B0F72587555300F0FC76 /* macOS.entitlements */ = {isa = PBXFileReference; lastKnownFileType = text.plist.entitlements; path = macOS.entitlements; sourceTree = "<group>"; };
/* End PBXFileReference section */

/* Begin PBXFrameworksBuildPhase section */
		51D1B0E92587555300F0FC76 /* Frameworks */ = {
			isa = PBXFrameworksBuildPhase;
			buildActionMask = 2147483647;
			files = (
				5134BDC72587651300C8BE29 /* KingfisherSwiftUI in Frameworks */,
			);
			runOnlyForDeploymentPostprocessing = 0;
		};
		51D1B0F12587555300F0FC76 /* Frameworks */ = {
			isa = PBXFrameworksBuildPhase;
			buildActionMask = 2147483647;
			files = (
			);
			runOnlyForDeploymentPostprocessing = 0;
		};
/* End PBXFrameworksBuildPhase section */

/* Begin PBXGroup section */
		510A4BAD2589F77300BCA4FB /* Services */ = {
			isa = PBXGroup;
			children = (
				510A4BAE2589F78300BCA4FB /* APIService.swift */,
			);
			path = Services;
			sourceTree = "<group>";
		};
		5142A8912588C11100450112 /* Models */ = {
			isa = PBXGroup;
			children = (
				5134BDA4258759E700C8BE29 /* Post.swift */,
				5142A8942588C12A00450112 /* Comment.swift */,
				510A4BB2258A010D00BCA4FB /* DataPost.swift */,
			);
			path = Models;
			sourceTree = "<group>";
		};
		5142A8992588C40500450112 /* PostDetailView */ = {
			isa = PBXGroup;
			children = (
				5134BDD125876D8600C8BE29 /* PostDetailView.swift */,
				5142A89A2588C43800450112 /* PostDetailViewModel.swift */,
			);
			path = PostDetailView;
			sourceTree = "<group>";
		};
		51D1B0DF2587555100F0FC76 = {
			isa = PBXGroup;
			children = (
				51D1B0E42587555100F0FC76 /* Shared */,
				51D1B0EE2587555300F0FC76 /* iOS */,
				51D1B0F52587555300F0FC76 /* macOS */,
				51D1B0ED2587555300F0FC76 /* Products */,
			);
			sourceTree = "<group>";
		};
		51D1B0E42587555100F0FC76 /* Shared */ = {
			isa = PBXGroup;
			children = (
				510A4BAD2589F77300BCA4FB /* Services */,
				5142A8992588C40500450112 /* PostDetailView */,
				8A2439272588F3D4005DBC75 /* HomeView */,
				8A2439162588F1DF005DBC75 /* CommonViews */,
				8A2439152588F1BD005DBC75 /* Utilities */,
				51D1B0E52587555100F0FC76 /* MultiplatformApp.swift */,
				51D1B0E72587555300F0FC76 /* Assets.xcassets */,
				5142A8912588C11100450112 /* Models */,
			);
			path = Shared;
			sourceTree = "<group>";
		};
		51D1B0ED2587555300F0FC76 /* Products */ = {
			isa = PBXGroup;
			children = (
				51D1B0EC2587555300F0FC76 /* Multiplatform.app */,
				51D1B0F42587555300F0FC76 /* Multiplatform.app */,
			);
			name = Products;
			sourceTree = "<group>";
		};
		51D1B0EE2587555300F0FC76 /* iOS */ = {
			isa = PBXGroup;
			children = (
				51D1B0EF2587555300F0FC76 /* Info.plist */,
			);
			path = iOS;
			sourceTree = "<group>";
		};
		51D1B0F52587555300F0FC76 /* macOS */ = {
			isa = PBXGroup;
			children = (
				51D1B0F62587555300F0FC76 /* Info.plist */,
				51D1B0F72587555300F0FC76 /* macOS.entitlements */,
			);
			path = macOS;
			sourceTree = "<group>";
		};
		8A2439152588F1BD005DBC75 /* Utilities */ = {
			isa = PBXGroup;
			children = (
				5134BDDB2587910600C8BE29 /* Icon.swift */,
				513956492588C7CD003A706A /* Date+Extensions.swift */,
			);
			path = Utilities;
			sourceTree = "<group>";
		};
		8A2439162588F1DF005DBC75 /* CommonViews */ = {
			isa = PBXGroup;
			children = (
				5134BDD625876DEC00C8BE29 /* PostRowView.swift */,
				5134BDE025879FB400C8BE29 /* ImageView.swift */,
			);
			path = CommonViews;
			sourceTree = "<group>";
		};
		8A2439272588F3D4005DBC75 /* HomeView */ = {
			isa = PBXGroup;
			children = (
				51D1B0E62587555100F0FC76 /* HomeView.swift */,
				5134BD9F258759A300C8BE29 /* HomeViewModel.swift */,
			);
			path = HomeView;
			sourceTree = "<group>";
		};
/* End PBXGroup section */

/* Begin PBXNativeTarget section */
		51D1B0EB2587555300F0FC76 /* Multiplatform (iOS) */ = {
			isa = PBXNativeTarget;
			buildConfigurationList = 51D1B1002587555300F0FC76 /* Build configuration list for PBXNativeTarget "Multiplatform (iOS)" */;
			buildPhases = (
				51D1B0E82587555300F0FC76 /* Sources */,
				51D1B0E92587555300F0FC76 /* Frameworks */,
				51D1B0EA2587555300F0FC76 /* Resources */,
			);
			buildRules = (
			);
			dependencies = (
			);
			name = "Multiplatform (iOS)";
			packageProductDependencies = (
				5134BDC62587651300C8BE29 /* KingfisherSwiftUI */,
			);
			productName = "Multiplatform (iOS)";
			productReference = 51D1B0EC2587555300F0FC76 /* Multiplatform.app */;
			productType = "com.apple.product-type.application";
		};
		51D1B0F32587555300F0FC76 /* Multiplatform (macOS) */ = {
			isa = PBXNativeTarget;
			buildConfigurationList = 51D1B1032587555300F0FC76 /* Build configuration list for PBXNativeTarget "Multiplatform (macOS)" */;
			buildPhases = (
				51D1B0F02587555300F0FC76 /* Sources */,
				51D1B0F12587555300F0FC76 /* Frameworks */,
				51D1B0F22587555300F0FC76 /* Resources */,
			);
			buildRules = (
			);
			dependencies = (
			);
			name = "Multiplatform (macOS)";
			productName = "Multiplatform (macOS)";
			productReference = 51D1B0F42587555300F0FC76 /* Multiplatform.app */;
			productType = "com.apple.product-type.application";
		};
/* End PBXNativeTarget section */

/* Begin PBXProject section */
		51D1B0E02587555100F0FC76 /* Project object */ = {
			isa = PBXProject;
			attributes = {
				LastSwiftUpdateCheck = 1220;
				LastUpgradeCheck = 1220;
				TargetAttributes = {
					51D1B0EB2587555300F0FC76 = {
						CreatedOnToolsVersion = 12.2;
					};
					51D1B0F32587555300F0FC76 = {
						CreatedOnToolsVersion = 12.2;
					};
				};
			};
			buildConfigurationList = 51D1B0E32587555100F0FC76 /* Build configuration list for PBXProject "Multiplatform" */;
			compatibilityVersion = "Xcode 9.3";
			developmentRegion = en;
			hasScannedForEncodings = 0;
			knownRegions = (
				en,
				Base,
			);
			mainGroup = 51D1B0DF2587555100F0FC76;
			packageReferences = (
				5134BDC52587651300C8BE29 /* XCRemoteSwiftPackageReference "Kingfisher" */,
			);
			productRefGroup = 51D1B0ED2587555300F0FC76 /* Products */;
			projectDirPath = "";
			projectRoot = "";
			targets = (
				51D1B0EB2587555300F0FC76 /* Multiplatform (iOS) */,
				51D1B0F32587555300F0FC76 /* Multiplatform (macOS) */,
			);
		};
/* End PBXProject section */

/* Begin PBXResourcesBuildPhase section */
		51D1B0EA2587555300F0FC76 /* Resources */ = {
			isa = PBXResourcesBuildPhase;
			buildActionMask = 2147483647;
			files = (
				51D1B0FC2587555300F0FC76 /* Assets.xcassets in Resources */,
			);
			runOnlyForDeploymentPostprocessing = 0;
		};
		51D1B0F22587555300F0FC76 /* Resources */ = {
			isa = PBXResourcesBuildPhase;
			buildActionMask = 2147483647;
			files = (
				51D1B0FD2587555300F0FC76 /* Assets.xcassets in Resources */,
			);
			runOnlyForDeploymentPostprocessing = 0;
		};
/* End PBXResourcesBuildPhase section */

/* Begin PBXSourcesBuildPhase section */
		51D1B0E82587555300F0FC76 /* Sources */ = {
			isa = PBXSourcesBuildPhase;
			buildActionMask = 2147483647;
			files = (
				5142A89B2588C43800450112 /* PostDetailViewModel.swift in Sources */,
				5139564A2588C7CD003A706A /* Date+Extensions.swift in Sources */,
				5134BDE125879FB400C8BE29 /* ImageView.swift in Sources */,
				51D1B0FA2587555300F0FC76 /* HomeView.swift in Sources */,
				510A4BB3258A010D00BCA4FB /* DataPost.swift in Sources */,
				5134BDD725876DEC00C8BE29 /* PostRowView.swift in Sources */,
				5134BDDC2587910600C8BE29 /* Icon.swift in Sources */,
				51D1B0F82587555300F0FC76 /* MultiplatformApp.swift in Sources */,
				5134BDA0258759A400C8BE29 /* HomeViewModel.swift in Sources */,
				5134BDD225876D8600C8BE29 /* PostDetailView.swift in Sources */,
				5142A8952588C12A00450112 /* Comment.swift in Sources */,
				510A4BAF2589F78300BCA4FB /* APIService.swift in Sources */,
				5134BDA5258759E700C8BE29 /* Post.swift in Sources */,
			);
			runOnlyForDeploymentPostprocessing = 0;
		};
		51D1B0F02587555300F0FC76 /* Sources */ = {
			isa = PBXSourcesBuildPhase;
			buildActionMask = 2147483647;
			files = (
				5142A89C2588C43800450112 /* PostDetailViewModel.swift in Sources */,
				5139564B2588C7CD003A706A /* Date+Extensions.swift in Sources */,
				5134BDE225879FB400C8BE29 /* ImageView.swift in Sources */,
				51D1B0FB2587555300F0FC76 /* HomeView.swift in Sources */,
				5134BDD825876DEC00C8BE29 /* PostRowView.swift in Sources */,
				5134BDDD2587910600C8BE29 /* Icon.swift in Sources */,
				51D1B0F92587555300F0FC76 /* MultiplatformApp.swift in Sources */,
				5134BDA1258759A400C8BE29 /* HomeViewModel.swift in Sources */,
				5134BDD325876D8600C8BE29 /* PostDetailView.swift in Sources */,
				5142A8962588C12A00450112 /* Comment.swift in Sources */,
				5134BDA6258759E700C8BE29 /* Post.swift in Sources */,
			);
			runOnlyForDeploymentPostprocessing = 0;
		};
/* End PBXSourcesBuildPhase section */

/* Begin XCBuildConfiguration section */
		51D1B0FE2587555300F0FC76 /* Debug */ = {
			isa = XCBuildConfiguration;
			buildSettings = {
				ALWAYS_SEARCH_USER_PATHS = NO;
				CLANG_ANALYZER_NONNULL = YES;
				CLANG_ANALYZER_NUMBER_OBJECT_CONVERSION = YES_AGGRESSIVE;
				CLANG_CXX_LANGUAGE_STANDARD = "gnu++14";
				CLANG_CXX_LIBRARY = "libc++";
				CLANG_ENABLE_MODULES = YES;
				CLANG_ENABLE_OBJC_ARC = YES;
				CLANG_ENABLE_OBJC_WEAK = YES;
				CLANG_WARN_BLOCK_CAPTURE_AUTORELEASING = YES;
				CLANG_WARN_BOOL_CONVERSION = YES;
				CLANG_WARN_COMMA = YES;
				CLANG_WARN_CONSTANT_CONVERSION = YES;
				CLANG_WARN_DEPRECATED_OBJC_IMPLEMENTATIONS = YES;
				CLANG_WARN_DIRECT_OBJC_ISA_USAGE = YES_ERROR;
				CLANG_WARN_DOCUMENTATION_COMMENTS = YES;
				CLANG_WARN_EMPTY_BODY = YES;
				CLANG_WARN_ENUM_CONVERSION = YES;
				CLANG_WARN_INFINITE_RECURSION = YES;
				CLANG_WARN_INT_CONVERSION = YES;
				CLANG_WARN_NON_LITERAL_NULL_CONVERSION = YES;
				CLANG_WARN_OBJC_IMPLICIT_RETAIN_SELF = YES;
				CLANG_WARN_OBJC_LITERAL_CONVERSION = YES;
				CLANG_WARN_OBJC_ROOT_CLASS = YES_ERROR;
				CLANG_WARN_QUOTED_INCLUDE_IN_FRAMEWORK_HEADER = YES;
				CLANG_WARN_RANGE_LOOP_ANALYSIS = YES;
				CLANG_WARN_STRICT_PROTOTYPES = YES;
				CLANG_WARN_SUSPICIOUS_MOVE = YES;
				CLANG_WARN_UNGUARDED_AVAILABILITY = YES_AGGRESSIVE;
				CLANG_WARN_UNREACHABLE_CODE = YES;
				CLANG_WARN__DUPLICATE_METHOD_MATCH = YES;
				COPY_PHASE_STRIP = NO;
				DEBUG_INFORMATION_FORMAT = dwarf;
				ENABLE_STRICT_OBJC_MSGSEND = YES;
				ENABLE_TESTABILITY = YES;
				GCC_C_LANGUAGE_STANDARD = gnu11;
				GCC_DYNAMIC_NO_PIC = NO;
				GCC_NO_COMMON_BLOCKS = YES;
				GCC_OPTIMIZATION_LEVEL = 0;
				GCC_PREPROCESSOR_DEFINITIONS = (
					"DEBUG=1",
					"$(inherited)",
				);
				GCC_WARN_64_TO_32_BIT_CONVERSION = YES;
				GCC_WARN_ABOUT_RETURN_TYPE = YES_ERROR;
				GCC_WARN_UNDECLARED_SELECTOR = YES;
				GCC_WARN_UNINITIALIZED_AUTOS = YES_AGGRESSIVE;
				GCC_WARN_UNUSED_FUNCTION = YES;
				GCC_WARN_UNUSED_VARIABLE = YES;
				MTL_ENABLE_DEBUG_INFO = INCLUDE_SOURCE;
				MTL_FAST_MATH = YES;
				ONLY_ACTIVE_ARCH = YES;
				SWIFT_ACTIVE_COMPILATION_CONDITIONS = DEBUG;
				SWIFT_OPTIMIZATION_LEVEL = "-Onone";
			};
			name = Debug;
		};
		51D1B0FF2587555300F0FC76 /* Release */ = {
			isa = XCBuildConfiguration;
			buildSettings = {
				ALWAYS_SEARCH_USER_PATHS = NO;
				CLANG_ANALYZER_NONNULL = YES;
				CLANG_ANALYZER_NUMBER_OBJECT_CONVERSION = YES_AGGRESSIVE;
				CLANG_CXX_LANGUAGE_STANDARD = "gnu++14";
				CLANG_CXX_LIBRARY = "libc++";
				CLANG_ENABLE_MODULES = YES;
				CLANG_ENABLE_OBJC_ARC = YES;
				CLANG_ENABLE_OBJC_WEAK = YES;
				CLANG_WARN_BLOCK_CAPTURE_AUTORELEASING = YES;
				CLANG_WARN_BOOL_CONVERSION = YES;
				CLANG_WARN_COMMA = YES;
				CLANG_WARN_CONSTANT_CONVERSION = YES;
				CLANG_WARN_DEPRECATED_OBJC_IMPLEMENTATIONS = YES;
				CLANG_WARN_DIRECT_OBJC_ISA_USAGE = YES_ERROR;
				CLANG_WARN_DOCUMENTATION_COMMENTS = YES;
				CLANG_WARN_EMPTY_BODY = YES;
				CLANG_WARN_ENUM_CONVERSION = YES;
				CLANG_WARN_INFINITE_RECURSION = YES;
				CLANG_WARN_INT_CONVERSION = YES;
				CLANG_WARN_NON_LITERAL_NULL_CONVERSION = YES;
				CLANG_WARN_OBJC_IMPLICIT_RETAIN_SELF = YES;
				CLANG_WARN_OBJC_LITERAL_CONVERSION = YES;
				CLANG_WARN_OBJC_ROOT_CLASS = YES_ERROR;
				CLANG_WARN_QUOTED_INCLUDE_IN_FRAMEWORK_HEADER = YES;
				CLANG_WARN_RANGE_LOOP_ANALYSIS = YES;
				CLANG_WARN_STRICT_PROTOTYPES = YES;
				CLANG_WARN_SUSPICIOUS_MOVE = YES;
				CLANG_WARN_UNGUARDED_AVAILABILITY = YES_AGGRESSIVE;
				CLANG_WARN_UNREACHABLE_CODE = YES;
				CLANG_WARN__DUPLICATE_METHOD_MATCH = YES;
				COPY_PHASE_STRIP = NO;
				DEBUG_INFORMATION_FORMAT = "dwarf-with-dsym";
				ENABLE_NS_ASSERTIONS = NO;
				ENABLE_STRICT_OBJC_MSGSEND = YES;
				GCC_C_LANGUAGE_STANDARD = gnu11;
				GCC_NO_COMMON_BLOCKS = YES;
				GCC_WARN_64_TO_32_BIT_CONVERSION = YES;
				GCC_WARN_ABOUT_RETURN_TYPE = YES_ERROR;
				GCC_WARN_UNDECLARED_SELECTOR = YES;
				GCC_WARN_UNINITIALIZED_AUTOS = YES_AGGRESSIVE;
				GCC_WARN_UNUSED_FUNCTION = YES;
				GCC_WARN_UNUSED_VARIABLE = YES;
				MTL_ENABLE_DEBUG_INFO = NO;
				MTL_FAST_MATH = YES;
				SWIFT_COMPILATION_MODE = wholemodule;
				SWIFT_OPTIMIZATION_LEVEL = "-O";
			};
			name = Release;
		};
		51D1B1012587555300F0FC76 /* Debug */ = {
			isa = XCBuildConfiguration;
			buildSettings = {
				ASSETCATALOG_COMPILER_APPICON_NAME = AppIcon;
				ASSETCATALOG_COMPILER_GLOBAL_ACCENT_COLOR_NAME = AccentColor;
				CODE_SIGN_IDENTITY = "Apple Development";
				CODE_SIGN_STYLE = Automatic;
				DEVELOPMENT_TEAM = 5958574TWN;
				ENABLE_PREVIEWS = YES;
				INFOPLIST_FILE = iOS/Info.plist;
				IPHONEOS_DEPLOYMENT_TARGET = 14.0;
				LD_RUNPATH_SEARCH_PATHS = (
					"$(inherited)",
					"@executable_path/Frameworks",
				);
				PRODUCT_BUNDLE_IDENTIFIER = com.joacim.Multiplatform;
				PRODUCT_NAME = Multiplatform;
				PROVISIONING_PROFILE_SPECIFIER = "";
				SDKROOT = iphoneos;
				SWIFT_VERSION = 5.0;
				TARGETED_DEVICE_FAMILY = "1,2";
			};
			name = Debug;
		};
		51D1B1022587555300F0FC76 /* Release */ = {
			isa = XCBuildConfiguration;
			buildSettings = {
				ASSETCATALOG_COMPILER_APPICON_NAME = AppIcon;
				ASSETCATALOG_COMPILER_GLOBAL_ACCENT_COLOR_NAME = AccentColor;
				CODE_SIGN_STYLE = Automatic;
				DEVELOPMENT_TEAM = 5958574TWN;
				ENABLE_PREVIEWS = YES;
				INFOPLIST_FILE = iOS/Info.plist;
				IPHONEOS_DEPLOYMENT_TARGET = 14.0;
				LD_RUNPATH_SEARCH_PATHS = (
					"$(inherited)",
					"@executable_path/Frameworks",
				);
				PRODUCT_BUNDLE_IDENTIFIER = com.joacim.Multiplatform;
				PRODUCT_NAME = Multiplatform;
				SDKROOT = iphoneos;
				SWIFT_VERSION = 5.0;
				TARGETED_DEVICE_FAMILY = "1,2";
				VALIDATE_PRODUCT = YES;
			};
			name = Release;
		};
		51D1B1042587555300F0FC76 /* Debug */ = {
			isa = XCBuildConfiguration;
			buildSettings = {
				ASSETCATALOG_COMPILER_APPICON_NAME = AppIcon;
				ASSETCATALOG_COMPILER_GLOBAL_ACCENT_COLOR_NAME = AccentColor;
				CODE_SIGN_ENTITLEMENTS = macOS/macOS.entitlements;
				CODE_SIGN_STYLE = Automatic;
				COMBINE_HIDPI_IMAGES = YES;
				DEVELOPMENT_TEAM = 5958574TWN;
				ENABLE_HARDENED_RUNTIME = YES;
				ENABLE_PREVIEWS = YES;
				INFOPLIST_FILE = macOS/Info.plist;
				LD_RUNPATH_SEARCH_PATHS = (
					"$(inherited)",
					"@executable_path/../Frameworks",
				);
				MACOSX_DEPLOYMENT_TARGET = 11.0;
				PRODUCT_BUNDLE_IDENTIFIER = com.joacim.Multiplatform;
				PRODUCT_NAME = Multiplatform;
				SDKROOT = macosx;
				SWIFT_VERSION = 5.0;
			};
			name = Debug;
		};
		51D1B1052587555300F0FC76 /* Release */ = {
			isa = XCBuildConfiguration;
			buildSettings = {
				ASSETCATALOG_COMPILER_APPICON_NAME = AppIcon;
				ASSETCATALOG_COMPILER_GLOBAL_ACCENT_COLOR_NAME = AccentColor;
				CODE_SIGN_ENTITLEMENTS = macOS/macOS.entitlements;
				CODE_SIGN_STYLE = Automatic;
				COMBINE_HIDPI_IMAGES = YES;
				DEVELOPMENT_TEAM = 5958574TWN;
				ENABLE_HARDENED_RUNTIME = YES;
				ENABLE_PREVIEWS = YES;
				INFOPLIST_FILE = macOS/Info.plist;
				LD_RUNPATH_SEARCH_PATHS = (
					"$(inherited)",
					"@executable_path/../Frameworks",
				);
				MACOSX_DEPLOYMENT_TARGET = 11.0;
				PRODUCT_BUNDLE_IDENTIFIER = com.joacim.Multiplatform;
				PRODUCT_NAME = Multiplatform;
				SDKROOT = macosx;
				SWIFT_VERSION = 5.0;
			};
			name = Release;
		};
/* End XCBuildConfiguration section */

/* Begin XCConfigurationList section */
		51D1B0E32587555100F0FC76 /* Build configuration list for PBXProject "Multiplatform" */ = {
			isa = XCConfigurationList;
			buildConfigurations = (
				51D1B0FE2587555300F0FC76 /* Debug */,
				51D1B0FF2587555300F0FC76 /* Release */,
			);
			defaultConfigurationIsVisible = 0;
			defaultConfigurationName = Release;
		};
		51D1B1002587555300F0FC76 /* Build configuration list for PBXNativeTarget "Multiplatform (iOS)" */ = {
			isa = XCConfigurationList;
			buildConfigurations = (
				51D1B1012587555300F0FC76 /* Debug */,
				51D1B1022587555300F0FC76 /* Release */,
			);
			defaultConfigurationIsVisible = 0;
			defaultConfigurationName = Release;
		};
		51D1B1032587555300F0FC76 /* Build configuration list for PBXNativeTarget "Multiplatform (macOS)" */ = {
			isa = XCConfigurationList;
			buildConfigurations = (
				51D1B1042587555300F0FC76 /* Debug */,
				51D1B1052587555300F0FC76 /* Release */,
			);
			defaultConfigurationIsVisible = 0;
			defaultConfigurationName = Release;
		};
/* End XCConfigurationList section */

/* Begin XCRemoteSwiftPackageReference section */
		5134BDC52587651300C8BE29 /* XCRemoteSwiftPackageReference "Kingfisher" */ = {
			isa = XCRemoteSwiftPackageReference;
			repositoryURL = "https://github.com/onevcat/Kingfisher";
			requirement = {
				kind = upToNextMajorVersion;
				minimumVersion = 5.15.8;
			};
		};
/* End XCRemoteSwiftPackageReference section */

/* Begin XCSwiftPackageProductDependency section */
		5134BDC62587651300C8BE29 /* KingfisherSwiftUI */ = {
			isa = XCSwiftPackageProductDependency;
			package = 5134BDC52587651300C8BE29 /* XCRemoteSwiftPackageReference "Kingfisher" */;
			productName = KingfisherSwiftUI;
		};
/* End XCSwiftPackageProductDependency section */
	};
	rootObject = 51D1B0E02587555100F0FC76 /* Project object */;
}
